// !$*UTF8*$!
{
	archiveVersion = 1;
	classes = {
	};
	objectVersion = 46;
	objects = {
/* Begin PBXBuildFile section */
		0207DA581B56EA530066E2B4 /* Images.xcassets in Resources */ = {isa = PBXBuildFile; fileRef = 0207DA571B56EA530066E2B4 /* Images.xcassets */; };
		1D3623260D0F684500981E51 /* AppDelegate.m in Sources */ = {isa = PBXBuildFile; fileRef = 1D3623250D0F684500981E51 /* AppDelegate.m */; };
		1D60589B0D05DD56006BFB54 /* main.m in Sources */ = {isa = PBXBuildFile; fileRef = 29B97316FDCFA39411CA2CEA /* main.m */; };
		301BF552109A68D80062928A /* libCordova.a in Frameworks */ = {isa = PBXBuildFile; fileRef = 301BF535109A57CC0062928A /* libCordova.a */; };
		302D95F114D2391D003F00A1 /* MainViewController.m in Sources */ = {isa = PBXBuildFile; fileRef = 302D95EF14D2391D003F00A1 /* MainViewController.m */; };
		302D95F214D2391D003F00A1 /* MainViewController.xib in Resources */ = {isa = PBXBuildFile; fileRef = 302D95F014D2391D003F00A1 /* MainViewController.xib */; };
		3047A5121AB8059700498E2A /* build-debug.xcconfig in Resources */ = {isa = PBXBuildFile; fileRef = 3047A50F1AB8059700498E2A /* build-debug.xcconfig */; };
		3047A5131AB8059700498E2A /* build-release.xcconfig in Resources */ = {isa = PBXBuildFile; fileRef = 3047A5101AB8059700498E2A /* build-release.xcconfig */; };
		3047A5141AB8059700498E2A /* build.xcconfig in Resources */ = {isa = PBXBuildFile; fileRef = 3047A5111AB8059700498E2A /* build.xcconfig */; };
		6AFF5BF91D6E424B00AB3073 /* CDVLaunchScreen.storyboard in Resources */ = {isa = PBXBuildFile; fileRef = 6AFF5BF81D6E424B00AB3073 /* CDVLaunchScreen.storyboard */; };
		220F617FBF9B4B0EA8399228 /* MOCAPlugin.m in Sources */ = {isa = PBXBuildFile; fileRef = F90C81321CA343F69521ABF3 /* MOCAPlugin.m */; };
		EF5C470B2EAA4564A292C42F /* MOCAPluginActionsDelegate.m in Sources */ = {isa = PBXBuildFile; fileRef = 9D90FC07AAD943908C9CF86E /* MOCAPluginActionsDelegate.m */; };
		E5EC26A6174A4617821E6D6B /* MOCAPluginEventsDelegate.m in Sources */ = {isa = PBXBuildFile; fileRef = 0F0E4752DEA6429A9795E2E5 /* MOCAPluginEventsDelegate.m */; };
		43CDE0D3F68D4B9798FADAE8 /* MOCAPluginCallbackMessage.m in Sources */ = {isa = PBXBuildFile; fileRef = A2BB64269FA8457A900E3712 /* MOCAPluginCallbackMessage.m */; };
		379F71AA7DAC49F5BD011228 /* MOCAAutoIntegration.m in Sources */ = {isa = PBXBuildFile; fileRef = 49D94744D3D645BABEC55EBD /* MOCAAutoIntegration.m */; };
		6DFF0FD118CE460CAE8F1257 /* libMOCALib.a in Frameworks */ = {isa = PBXBuildFile; fileRef = 019084B6412D4431A1007710 /* libMOCALib.a */; };
		8399D430E73D489BAA60D054 /* libsqlite3.dylib in Frameworks */ = {isa = PBXBuildFile; fileRef = FE9AF770153D41DDB12FB48D /* libsqlite3.dylib */; };
		49B011677AC04757B916A371 /* CFNetwork.framework in Frameworks */ = {isa = PBXBuildFile; fileRef = 17D6F1488705416ABBF70C25 /* CFNetwork.framework */; settings = {ATTRIBUTES = (Weak, ); }; };
		E660AB8291614720A4482C46 /* Foundation.framework in Frameworks */ = {isa = PBXBuildFile; fileRef = 6A6D880164714B8BAAD0090D /* Foundation.framework */; settings = {ATTRIBUTES = (Weak, ); }; };
		01D598150FB84F41AC7F5647 /* Security.framework in Frameworks */ = {isa = PBXBuildFile; fileRef = 5085DFE932B74CF28E0DCABC /* Security.framework */; settings = {ATTRIBUTES = (Weak, ); }; };
		27BADF48003647D0BDF50AE8 /* SystemConfiguration.framework in Frameworks */ = {isa = PBXBuildFile; fileRef = FBA8A426E4C044D391D306A2 /* SystemConfiguration.framework */; settings = {ATTRIBUTES = (Weak, ); }; };
		AC4BCAB670CC4EB8B4372A69 /* UIKit.framework in Frameworks */ = {isa = PBXBuildFile; fileRef = 37519267392C46C281199EB1 /* UIKit.framework */; settings = {ATTRIBUTES = (Weak, ); }; };
		C251903944D040698C252FB3 /* CoreTelephony.framework in Frameworks */ = {isa = PBXBuildFile; fileRef = 6A75BD86952147EEA9466707 /* CoreTelephony.framework */; settings = {ATTRIBUTES = (Weak, ); }; };
		58CD11746F8847B79065F81D /* CoreLocation.framework in Frameworks */ = {isa = PBXBuildFile; fileRef = E0E748AB1ED347DFB2D51502 /* CoreLocation.framework */; settings = {ATTRIBUTES = (Weak, ); }; };
		7F4C8D9AB9A84D19908EFC48 /* PassKit.framework in Frameworks */ = {isa = PBXBuildFile; fileRef = 6BFED83140EC47658ED746AC /* PassKit.framework */; settings = {ATTRIBUTES = (Weak, ); }; };
		DE4917FFED44489FA6C10A84 /* AudioToolbox.framework in Frameworks */ = {isa = PBXBuildFile; fileRef = E543A35A0867412A95A4A763 /* AudioToolbox.framework */; settings = {ATTRIBUTES = (Weak, ); }; };
		81492CCF8D5F40B1A8C643D4 /* CoreBluetooth.framework in Frameworks */ = {isa = PBXBuildFile; fileRef = 089FC3A2260C4E969BE46545 /* CoreBluetooth.framework */; settings = {ATTRIBUTES = (Weak, ); }; };
/* End PBXBuildFile section */

/* Begin PBXContainerItemProxy section */
		301BF534109A57CC0062928A /* PBXContainerItemProxy */ = {
			isa = PBXContainerItemProxy;
			containerPortal = 301BF52D109A57CC0062928A /* CordovaLib.xcodeproj */;
			proxyType = 2;
			remoteGlobalIDString = D2AAC07E0554694100DB518D;
			remoteInfo = CordovaLib;
		};
		301BF550109A68C00062928A /* PBXContainerItemProxy */ = {
			isa = PBXContainerItemProxy;
			containerPortal = 301BF52D109A57CC0062928A /* CordovaLib.xcodeproj */;
			proxyType = 1;
			remoteGlobalIDString = D2AAC07D0554694100DB518D;
			remoteInfo = CordovaLib;
		};
/* End PBXContainerItemProxy section */

/* Begin PBXFileReference section */
		0207DA571B56EA530066E2B4 /* Images.xcassets */ = {isa = PBXFileReference; lastKnownFileType = folder.assetcatalog; name = Images.xcassets; path = "HelloWorld/Images.xcassets"; sourceTree = SOURCE_ROOT; };
		1D3623240D0F684500981E51 /* AppDelegate.h */ = {isa = PBXFileReference; fileEncoding = 4; lastKnownFileType = sourcecode.c.h; path = AppDelegate.h; sourceTree = "<group>"; };
		1D3623250D0F684500981E51 /* AppDelegate.m */ = {isa = PBXFileReference; fileEncoding = 4; lastKnownFileType = sourcecode.c.objc; path = AppDelegate.m; sourceTree = "<group>"; };
		1D6058910D05DD3D006BFB54 /* HelloWorld.app */ = {isa = PBXFileReference; explicitFileType = wrapper.application; includeInIndex = 0; path = "HelloWorld.app"; sourceTree = BUILT_PRODUCTS_DIR; };
		29B97316FDCFA39411CA2CEA /* main.m */ = {isa = PBXFileReference; fileEncoding = 4; lastKnownFileType = sourcecode.c.objc; path = main.m; sourceTree = "<group>"; };
		301BF52D109A57CC0062928A /* CordovaLib.xcodeproj */ = {isa = PBXFileReference; lastKnownFileType = "wrapper.pb-project"; path = CordovaLib/CordovaLib.xcodeproj; sourceTree = "<group>"; };
		301BF56E109A69640062928A /* www */ = {isa = PBXFileReference; lastKnownFileType = folder; path = www; sourceTree = SOURCE_ROOT; };
		302D95EE14D2391D003F00A1 /* MainViewController.h */ = {isa = PBXFileReference; fileEncoding = 4; lastKnownFileType = sourcecode.c.h; path = MainViewController.h; sourceTree = "<group>"; };
		302D95EF14D2391D003F00A1 /* MainViewController.m */ = {isa = PBXFileReference; fileEncoding = 4; lastKnownFileType = sourcecode.c.objc; path = MainViewController.m; sourceTree = "<group>"; };
		302D95F014D2391D003F00A1 /* MainViewController.xib */ = {isa = PBXFileReference; fileEncoding = 4; lastKnownFileType = file.xib; path = MainViewController.xib; sourceTree = "<group>"; };
		3047A50F1AB8059700498E2A /* build-debug.xcconfig */ = {isa = PBXFileReference; fileEncoding = 4; lastKnownFileType = text.xcconfig; name = "build-debug.xcconfig"; path = cordova/build-debug.xcconfig; sourceTree = SOURCE_ROOT; };
		3047A5101AB8059700498E2A /* build-release.xcconfig */ = {isa = PBXFileReference; fileEncoding = 4; lastKnownFileType = text.xcconfig; name = "build-release.xcconfig"; path = cordova/build-release.xcconfig; sourceTree = SOURCE_ROOT; };
		3047A5111AB8059700498E2A /* build.xcconfig */ = {isa = PBXFileReference; fileEncoding = 4; lastKnownFileType = text.xcconfig; name = build.xcconfig; path = cordova/build.xcconfig; sourceTree = SOURCE_ROOT; };
		32CA4F630368D1EE00C91783 /* HelloWorld-Prefix.pch */ = {isa = PBXFileReference; fileEncoding = 4; lastKnownFileType = sourcecode.c.h; path = "HelloWorld-Prefix.pch"; sourceTree = "<group>"; };
		6AFF5BF81D6E424B00AB3073 /* CDVLaunchScreen.storyboard */ = {isa = PBXFileReference; fileEncoding = 4; lastKnownFileType = file.storyboard; name = CDVLaunchScreen.storyboard; path = "HelloWorld/CDVLaunchScreen.storyboard"; sourceTree = SOURCE_ROOT; };
		8D1107310486CEB800E47090 /* HelloWorld-Info.plist */ = {isa = PBXFileReference; fileEncoding = 4; lastKnownFileType = text.plist.xml; name = "HelloWorld-Info.plist"; path = "HelloWorld/HelloWorld-Info.plist"; plistStructureDefinitionIdentifier = "com.apple.xcode.plist.structure-definition.iphone.info-plist"; sourceTree = SOURCE_ROOT; };
		EB87FDF31871DA8E0020F90C /* www */ = {isa = PBXFileReference; lastKnownFileType = folder; name = www; path = ../../www; sourceTree = "<group>"; };
		EB87FDF41871DAF40020F90C /* config.xml */ = {isa = PBXFileReference; lastKnownFileType = text.xml; name = config.xml; path = ../../config.xml; sourceTree = "<group>"; };
		F840E1F0165FE0F500CFE078 /* config.xml */ = {isa = PBXFileReference; lastKnownFileType = text.xml; name = config.xml; path = "HelloWorld/config.xml"; sourceTree = "<group>"; };
		ED33DF2A687741AEAF9F8254 /* Bridging-Header.h */ = {isa = PBXFileReference; fileEncoding = 4; lastKnownFileType = sourcecode.c.h; name = "Bridging-Header.h"; path = "Bridging-Header.h"; sourceTree = "<group>"; };
		F90C81321CA343F69521ABF3 /* MOCAPlugin.m */ = {isa = PBXFileReference; name = "MOCAPlugin.m"; path = "com.innoquant.moca.phonegap/MOCAPlugin.m"; sourceTree = "<group>"; fileEncoding = 4; lastKnownFileType = sourcecode.c.objc; explicitFileType = undefined; includeInIndex = 0; };
		9D90FC07AAD943908C9CF86E /* MOCAPluginActionsDelegate.m */ = {isa = PBXFileReference; name = "MOCAPluginActionsDelegate.m"; path = "com.innoquant.moca.phonegap/MOCAPluginActionsDelegate.m"; sourceTree = "<group>"; fileEncoding = 4; lastKnownFileType = sourcecode.c.objc; explicitFileType = undefined; includeInIndex = 0; };
		0F0E4752DEA6429A9795E2E5 /* MOCAPluginEventsDelegate.m */ = {isa = PBXFileReference; name = "MOCAPluginEventsDelegate.m"; path = "com.innoquant.moca.phonegap/MOCAPluginEventsDelegate.m"; sourceTree = "<group>"; fileEncoding = 4; lastKnownFileType = sourcecode.c.objc; explicitFileType = undefined; includeInIndex = 0; };
		A2BB64269FA8457A900E3712 /* MOCAPluginCallbackMessage.m */ = {isa = PBXFileReference; name = "MOCAPluginCallbackMessage.m"; path = "com.innoquant.moca.phonegap/MOCAPluginCallbackMessage.m"; sourceTree = "<group>"; fileEncoding = 4; lastKnownFileType = sourcecode.c.objc; explicitFileType = undefined; includeInIndex = 0; };
		49D94744D3D645BABEC55EBD /* MOCAAutoIntegration.m */ = {isa = PBXFileReference; name = "MOCAAutoIntegration.m"; path = "com.innoquant.moca.phonegap/MOCAAutoIntegration.m"; sourceTree = "<group>"; fileEncoding = 4; lastKnownFileType = sourcecode.c.objc; explicitFileType = undefined; includeInIndex = 0; };
		019084B6412D4431A1007710 /* libMOCALib.a */ = {isa = PBXFileReference; name = "libMOCALib.a"; path = "HelloWorld/Plugins/com.innoquant.moca.phonegap/libMOCALib.a"; sourceTree = "<group>"; fileEncoding = undefined; lastKnownFileType = archive.ar; explicitFileType = undefined; includeInIndex = 0; };
		EC125B396BD84DD891C65B51 /* MOCAPlugin.h */ = {isa = PBXFileReference; name = "MOCAPlugin.h"; path = "com.innoquant.moca.phonegap/MOCAPlugin.h"; sourceTree = "<group>"; fileEncoding = 4; lastKnownFileType = sourcecode.c.h; explicitFileType = undefined; includeInIndex = 0; };
		332A720440994B63A1C7A9BD /* MOCAPluginActionsDelegate.h */ = {isa = PBXFileReference; name = "MOCAPluginActionsDelegate.h"; path = "com.innoquant.moca.phonegap/MOCAPluginActionsDelegate.h"; sourceTree = "<group>"; fileEncoding = 4; lastKnownFileType = sourcecode.c.h; explicitFileType = undefined; includeInIndex = 0; };
		FFC59E09352842B3B2DF7E45 /* MOCAPluginEventsDelegate.h */ = {isa = PBXFileReference; name = "MOCAPluginEventsDelegate.h"; path = "com.innoquant.moca.phonegap/MOCAPluginEventsDelegate.h"; sourceTree = "<group>"; fileEncoding = 4; lastKnownFileType = sourcecode.c.h; explicitFileType = undefined; includeInIndex = 0; };
		56411FDE1A57460EA86CDE95 /* MOCAPluginCallbackMessage.h */ = {isa = PBXFileReference; name = "MOCAPluginCallbackMessage.h"; path = "com.innoquant.moca.phonegap/MOCAPluginCallbackMessage.h"; sourceTree = "<group>"; fileEncoding = 4; lastKnownFileType = sourcecode.c.h; explicitFileType = undefined; includeInIndex = 0; };
		5EEF10FDCF9D422E8FA64107 /* MOCAPluginConstants.h */ = {isa = PBXFileReference; name = "MOCAPluginConstants.h"; path = "com.innoquant.moca.phonegap/MOCAPluginConstants.h"; sourceTree = "<group>"; fileEncoding = 4; lastKnownFileType = sourcecode.c.h; explicitFileType = undefined; includeInIndex = 0; };
		41C50044904644CAB3AF80A1 /* MOCAAutoIntegration.h */ = {isa = PBXFileReference; name = "MOCAAutoIntegration.h"; path = "com.innoquant.moca.phonegap/MOCAAutoIntegration.h"; sourceTree = "<group>"; fileEncoding = 4; lastKnownFileType = sourcecode.c.h; explicitFileType = undefined; includeInIndex = 0; };
		563D2497ACAD47FB8E641E94 /* MOCA.h */ = {isa = PBXFileReference; name = "MOCA.h"; path = "com.innoquant.moca.phonegap/MOCA.h"; sourceTree = "<group>"; fileEncoding = 4; lastKnownFileType = sourcecode.c.h; explicitFileType = undefined; includeInIndex = 0; };
		B610A6695A0648C0926469F5 /* MOCAAction.h */ = {isa = PBXFileReference; name = "MOCAAction.h"; path = "com.innoquant.moca.phonegap/MOCAAction.h"; sourceTree = "<group>"; fileEncoding = 4; lastKnownFileType = sourcecode.c.h; explicitFileType = undefined; includeInIndex = 0; };
		BE87879BD176405480EB2D86 /* MOCABeacon.h */ = {isa = PBXFileReference; name = "MOCABeacon.h"; path = "com.innoquant.moca.phonegap/MOCABeacon.h"; sourceTree = "<group>"; fileEncoding = 4; lastKnownFileType = sourcecode.c.h; explicitFileType = undefined; includeInIndex = 0; };
		74563440D5D1475A883BC3D2 /* MOCAConfig.h */ = {isa = PBXFileReference; name = "MOCAConfig.h"; path = "com.innoquant.moca.phonegap/MOCAConfig.h"; sourceTree = "<group>"; fileEncoding = 4; lastKnownFileType = sourcecode.c.h; explicitFileType = undefined; includeInIndex = 0; };
		1DD403F0350449FAB6793233 /* MOCAEvent.h */ = {isa = PBXFileReference; name = "MOCAEvent.h"; path = "com.innoquant.moca.phonegap/MOCAEvent.h"; sourceTree = "<group>"; fileEncoding = 4; lastKnownFileType = sourcecode.c.h; explicitFileType = undefined; includeInIndex = 0; };
		13CA8B57D89B4D7B8E93E74C /* MOCAInbox.h */ = {isa = PBXFileReference; name = "MOCAInbox.h"; path = "com.innoquant.moca.phonegap/MOCAInbox.h"; sourceTree = "<group>"; fileEncoding = 4; lastKnownFileType = sourcecode.c.h; explicitFileType = undefined; includeInIndex = 0; };
		71904A96590847C284BFDA36 /* MOCAIndoorClient.h */ = {isa = PBXFileReference; name = "MOCAIndoorClient.h"; path = "com.innoquant.moca.phonegap/MOCAIndoorClient.h"; sourceTree = "<group>"; fileEncoding = 4; lastKnownFileType = sourcecode.c.h; explicitFileType = undefined; includeInIndex = 0; };
		6A613E2A396344769E6D2349 /* MOCAInstance.h */ = {isa = PBXFileReference; name = "MOCAInstance.h"; path = "com.innoquant.moca.phonegap/MOCAInstance.h"; sourceTree = "<group>"; fileEncoding = 4; lastKnownFileType = sourcecode.c.h; explicitFileType = undefined; includeInIndex = 0; };
		77A2734A951243BA93AE3CAF /* MOCALabel.h */ = {isa = PBXFileReference; name = "MOCALabel.h"; path = "com.innoquant.moca.phonegap/MOCALabel.h"; sourceTree = "<group>"; fileEncoding = 4; lastKnownFileType = sourcecode.c.h; explicitFileType = undefined; includeInIndex = 0; };
		6406B2459E924E10A45CE68B /* MOCALog.h */ = {isa = PBXFileReference; name = "MOCALog.h"; path = "com.innoquant.moca.phonegap/MOCALog.h"; sourceTree = "<group>"; fileEncoding = 4; lastKnownFileType = sourcecode.c.h; explicitFileType = undefined; includeInIndex = 0; };
		B44AE2D90E6846389E7BD73E /* MOCAPlace.h */ = {isa = PBXFileReference; name = "MOCAPlace.h"; path = "com.innoquant.moca.phonegap/MOCAPlace.h"; sourceTree = "<group>"; fileEncoding = 4; lastKnownFileType = sourcecode.c.h; explicitFileType = undefined; includeInIndex = 0; };
		692CA127BE854640B10CA796 /* MOCAPropertyContainer.h */ = {isa = PBXFileReference; name = "MOCAPropertyContainer.h"; path = "com.innoquant.moca.phonegap/MOCAPropertyContainer.h"; sourceTree = "<group>"; fileEncoding = 4; lastKnownFileType = sourcecode.c.h; explicitFileType = undefined; includeInIndex = 0; };
		BE09D0C80D8B48FF9B2601C5 /* MOCAProximityDelegate.h */ = {isa = PBXFileReference; name = "MOCAProximityDelegate.h"; path = "com.innoquant.moca.phonegap/MOCAProximityDelegate.h"; sourceTree = "<group>"; fileEncoding = 4; lastKnownFileType = sourcecode.c.h; explicitFileType = undefined; includeInIndex = 0; };
		B57412415FBB455DB1368E8A /* MOCAProximityService.h */ = {isa = PBXFileReference; name = "MOCAProximityService.h"; path = "com.innoquant.moca.phonegap/MOCAProximityService.h"; sourceTree = "<group>"; fileEncoding = 4; lastKnownFileType = sourcecode.c.h; explicitFileType = undefined; includeInIndex = 0; };
		1E86BCC0708A45E2AD2037C2 /* MOCARecoClient.h */ = {isa = PBXFileReference; name = "MOCARecoClient.h"; path = "com.innoquant.moca.phonegap/MOCARecoClient.h"; sourceTree = "<group>"; fileEncoding = 4; lastKnownFileType = sourcecode.c.h; explicitFileType = undefined; includeInIndex = 0; };
		EE5972F5942143EB8FBE3EE9 /* MOCASegment.h */ = {isa = PBXFileReference; name = "MOCASegment.h"; path = "com.innoquant.moca.phonegap/MOCASegment.h"; sourceTree = "<group>"; fileEncoding = 4; lastKnownFileType = sourcecode.c.h; explicitFileType = undefined; includeInIndex = 0; };
		73BD347984FD429D8DCFB52D /* MOCASerializable.h */ = {isa = PBXFileReference; name = "MOCASerializable.h"; path = "com.innoquant.moca.phonegap/MOCASerializable.h"; sourceTree = "<group>"; fileEncoding = 4; lastKnownFileType = sourcecode.c.h; explicitFileType = undefined; includeInIndex = 0; };
		91F953887BCE4F9CA4F4BB0A /* MOCAUser.h */ = {isa = PBXFileReference; name = "MOCAUser.h"; path = "com.innoquant.moca.phonegap/MOCAUser.h"; sourceTree = "<group>"; fileEncoding = 4; lastKnownFileType = sourcecode.c.h; explicitFileType = undefined; includeInIndex = 0; };
		7BD801D0B61D4FE39C4365C9 /* MOCAZone.h */ = {isa = PBXFileReference; name = "MOCAZone.h"; path = "com.innoquant.moca.phonegap/MOCAZone.h"; sourceTree = "<group>"; fileEncoding = 4; lastKnownFileType = sourcecode.c.h; explicitFileType = undefined; includeInIndex = 0; };
		FE9AF770153D41DDB12FB48D /* libsqlite3.dylib */ = {isa = PBXFileReference; name = "libsqlite3.dylib"; path = "usr/lib/libsqlite3.dylib"; sourceTree = SDKROOT; fileEncoding = undefined; lastKnownFileType = compiled.mach-o.dylib; explicitFileType = undefined; includeInIndex = 0; };
		17D6F1488705416ABBF70C25 /* CFNetwork.framework */ = {isa = PBXFileReference; name = "CFNetwork.framework"; path = "System/Library/Frameworks/CFNetwork.framework"; sourceTree = SDKROOT; fileEncoding = undefined; lastKnownFileType = wrapper.framework; explicitFileType = undefined; includeInIndex = 0; };
		6A6D880164714B8BAAD0090D /* Foundation.framework */ = {isa = PBXFileReference; name = "Foundation.framework"; path = "System/Library/Frameworks/Foundation.framework"; sourceTree = SDKROOT; fileEncoding = undefined; lastKnownFileType = wrapper.framework; explicitFileType = undefined; includeInIndex = 0; };
		5085DFE932B74CF28E0DCABC /* Security.framework */ = {isa = PBXFileReference; name = "Security.framework"; path = "System/Library/Frameworks/Security.framework"; sourceTree = SDKROOT; fileEncoding = undefined; lastKnownFileType = wrapper.framework; explicitFileType = undefined; includeInIndex = 0; };
		FBA8A426E4C044D391D306A2 /* SystemConfiguration.framework */ = {isa = PBXFileReference; name = "SystemConfiguration.framework"; path = "System/Library/Frameworks/SystemConfiguration.framework"; sourceTree = SDKROOT; fileEncoding = undefined; lastKnownFileType = wrapper.framework; explicitFileType = undefined; includeInIndex = 0; };
		37519267392C46C281199EB1 /* UIKit.framework */ = {isa = PBXFileReference; name = "UIKit.framework"; path = "System/Library/Frameworks/UIKit.framework"; sourceTree = SDKROOT; fileEncoding = undefined; lastKnownFileType = wrapper.framework; explicitFileType = undefined; includeInIndex = 0; };
		6A75BD86952147EEA9466707 /* CoreTelephony.framework */ = {isa = PBXFileReference; name = "CoreTelephony.framework"; path = "System/Library/Frameworks/CoreTelephony.framework"; sourceTree = SDKROOT; fileEncoding = undefined; lastKnownFileType = wrapper.framework; explicitFileType = undefined; includeInIndex = 0; };
		E0E748AB1ED347DFB2D51502 /* CoreLocation.framework */ = {isa = PBXFileReference; name = "CoreLocation.framework"; path = "System/Library/Frameworks/CoreLocation.framework"; sourceTree = SDKROOT; fileEncoding = undefined; lastKnownFileType = wrapper.framework; explicitFileType = undefined; includeInIndex = 0; };
		6BFED83140EC47658ED746AC /* PassKit.framework */ = {isa = PBXFileReference; name = "PassKit.framework"; path = "System/Library/Frameworks/PassKit.framework"; sourceTree = SDKROOT; fileEncoding = undefined; lastKnownFileType = wrapper.framework; explicitFileType = undefined; includeInIndex = 0; };
		E543A35A0867412A95A4A763 /* AudioToolbox.framework */ = {isa = PBXFileReference; name = "AudioToolbox.framework"; path = "System/Library/Frameworks/AudioToolbox.framework"; sourceTree = SDKROOT; fileEncoding = undefined; lastKnownFileType = wrapper.framework; explicitFileType = undefined; includeInIndex = 0; };
		089FC3A2260C4E969BE46545 /* CoreBluetooth.framework */ = {isa = PBXFileReference; name = "CoreBluetooth.framework"; path = "System/Library/Frameworks/CoreBluetooth.framework"; sourceTree = SDKROOT; fileEncoding = undefined; lastKnownFileType = wrapper.framework; explicitFileType = undefined; includeInIndex = 0; };
/* End PBXFileReference section */

/* Begin PBXFrameworksBuildPhase section */
		1D60588F0D05DD3D006BFB54 /* Frameworks */ = {
			isa = PBXFrameworksBuildPhase;
			buildActionMask = 2147483647;
			files = (
				301BF552109A68D80062928A /* libCordova.a in Frameworks */,
				6DFF0FD118CE460CAE8F1257 /* libMOCALib.a in Frameworks */,
				8399D430E73D489BAA60D054 /* libsqlite3.dylib in Frameworks */,
				49B011677AC04757B916A371 /* CFNetwork.framework in Frameworks */,
				E660AB8291614720A4482C46 /* Foundation.framework in Frameworks */,
				01D598150FB84F41AC7F5647 /* Security.framework in Frameworks */,
				27BADF48003647D0BDF50AE8 /* SystemConfiguration.framework in Frameworks */,
				AC4BCAB670CC4EB8B4372A69 /* UIKit.framework in Frameworks */,
				C251903944D040698C252FB3 /* CoreTelephony.framework in Frameworks */,
				58CD11746F8847B79065F81D /* CoreLocation.framework in Frameworks */,
				7F4C8D9AB9A84D19908EFC48 /* PassKit.framework in Frameworks */,
				DE4917FFED44489FA6C10A84 /* AudioToolbox.framework in Frameworks */,
				81492CCF8D5F40B1A8C643D4 /* CoreBluetooth.framework in Frameworks */,
			);
			runOnlyForDeploymentPostprocessing = 0;
		};
/* End PBXFrameworksBuildPhase section */

/* Begin PBXGroup section */
		080E96DDFE201D6D7F000001 /* Classes */ = {
			isa = PBXGroup;
			children = (
				302D95EE14D2391D003F00A1 /* MainViewController.h */,
				302D95EF14D2391D003F00A1 /* MainViewController.m */,
				302D95F014D2391D003F00A1 /* MainViewController.xib */,
				1D3623240D0F684500981E51 /* AppDelegate.h */,
				1D3623250D0F684500981E51 /* AppDelegate.m */,
			);
			name = Classes;
			path = "HelloWorld/Classes";
			sourceTree = SOURCE_ROOT;
		};
		19C28FACFE9D520D11CA2CBB /* Products */ = {
			isa = PBXGroup;
			children = (
				1D6058910D05DD3D006BFB54 /* HelloWorld.app */,
			);
			name = Products;
			sourceTree = "<group>";
		};
		29B97314FDCFA39411CA2CEA /* CustomTemplate */ = {
			isa = PBXGroup;
			children = (
				EB87FDF41871DAF40020F90C /* config.xml */,
				EB87FDF31871DA8E0020F90C /* www */,
				EB87FDF11871DA420020F90C /* Staging */,
				301BF52D109A57CC0062928A /* CordovaLib.xcodeproj */,
				080E96DDFE201D6D7F000001 /* Classes */,
				307C750510C5A3420062BCA9 /* Plugins */,
				29B97315FDCFA39411CA2CEA /* Other Sources */,
				29B97317FDCFA39411CA2CEA /* Resources */,
				29B97323FDCFA39411CA2CEA /* Frameworks */,
				19C28FACFE9D520D11CA2CBB /* Products */,
			);
			name = CustomTemplate;
			sourceTree = "<group>";
		};
		29B97315FDCFA39411CA2CEA /* Other Sources */ = {
			isa = PBXGroup;
			children = (
				32CA4F630368D1EE00C91783 /* HelloWorld-Prefix.pch */,
				29B97316FDCFA39411CA2CEA /* main.m */,
				ED33DF2A687741AEAF9F8254 /* Bridging-Header.h */,
			);
			name = "Other Sources";
			path = "HelloWorld";
			sourceTree = "<group>";
		};
		29B97317FDCFA39411CA2CEA /* Resources */ = {
			isa = PBXGroup;
			children = (
				0207DA571B56EA530066E2B4 /* Images.xcassets */,
				3047A50E1AB8057F00498E2A /* config */,
				8D1107310486CEB800E47090 /* HelloWorld-Info.plist */,
				6AFF5BF81D6E424B00AB3073 /* CDVLaunchScreen.storyboard */,
			);
			name = Resources;
			path = "HelloWorld/Resources";
			sourceTree = "<group>";
		};
		29B97323FDCFA39411CA2CEA /* Frameworks */ = {
			isa = PBXGroup;
			children = (
				019084B6412D4431A1007710 /* libMOCALib.a */,
				FE9AF770153D41DDB12FB48D /* libsqlite3.dylib */,
				17D6F1488705416ABBF70C25 /* CFNetwork.framework */,
				6A6D880164714B8BAAD0090D /* Foundation.framework */,
				5085DFE932B74CF28E0DCABC /* Security.framework */,
				FBA8A426E4C044D391D306A2 /* SystemConfiguration.framework */,
				37519267392C46C281199EB1 /* UIKit.framework */,
				6A75BD86952147EEA9466707 /* CoreTelephony.framework */,
				E0E748AB1ED347DFB2D51502 /* CoreLocation.framework */,
				6BFED83140EC47658ED746AC /* PassKit.framework */,
				E543A35A0867412A95A4A763 /* AudioToolbox.framework */,
				089FC3A2260C4E969BE46545 /* CoreBluetooth.framework */,
			);
			name = Frameworks;
			sourceTree = "<group>";
		};
		301BF52E109A57CC0062928A /* Products */ = {
			isa = PBXGroup;
			children = (
				301BF535109A57CC0062928A /* libCordova.a */,
			);
			name = Products;
			sourceTree = "<group>";
		};
		3047A50E1AB8057F00498E2A /* config */ = {
			isa = PBXGroup;
			children = (
				3047A50F1AB8059700498E2A /* build-debug.xcconfig */,
				3047A5101AB8059700498E2A /* build-release.xcconfig */,
				3047A5111AB8059700498E2A /* build.xcconfig */,
			);
			name = config;
			sourceTree = "<group>";
		};
		307C750510C5A3420062BCA9 /* Plugins */ = {
			isa = PBXGroup;
			children = (
				F90C81321CA343F69521ABF3 /* MOCAPlugin.m */,
				9D90FC07AAD943908C9CF86E /* MOCAPluginActionsDelegate.m */,
				0F0E4752DEA6429A9795E2E5 /* MOCAPluginEventsDelegate.m */,
				A2BB64269FA8457A900E3712 /* MOCAPluginCallbackMessage.m */,
				49D94744D3D645BABEC55EBD /* MOCAAutoIntegration.m */,
				EC125B396BD84DD891C65B51 /* MOCAPlugin.h */,
				332A720440994B63A1C7A9BD /* MOCAPluginActionsDelegate.h */,
				FFC59E09352842B3B2DF7E45 /* MOCAPluginEventsDelegate.h */,
				56411FDE1A57460EA86CDE95 /* MOCAPluginCallbackMessage.h */,
				5EEF10FDCF9D422E8FA64107 /* MOCAPluginConstants.h */,
				41C50044904644CAB3AF80A1 /* MOCAAutoIntegration.h */,
				563D2497ACAD47FB8E641E94 /* MOCA.h */,
				B610A6695A0648C0926469F5 /* MOCAAction.h */,
				BE87879BD176405480EB2D86 /* MOCABeacon.h */,
				74563440D5D1475A883BC3D2 /* MOCAConfig.h */,
				1DD403F0350449FAB6793233 /* MOCAEvent.h */,
				13CA8B57D89B4D7B8E93E74C /* MOCAInbox.h */,
				71904A96590847C284BFDA36 /* MOCAIndoorClient.h */,
				6A613E2A396344769E6D2349 /* MOCAInstance.h */,
				77A2734A951243BA93AE3CAF /* MOCALabel.h */,
				6406B2459E924E10A45CE68B /* MOCALog.h */,
				B44AE2D90E6846389E7BD73E /* MOCAPlace.h */,
				692CA127BE854640B10CA796 /* MOCAPropertyContainer.h */,
				BE09D0C80D8B48FF9B2601C5 /* MOCAProximityDelegate.h */,
				B57412415FBB455DB1368E8A /* MOCAProximityService.h */,
				1E86BCC0708A45E2AD2037C2 /* MOCARecoClient.h */,
				EE5972F5942143EB8FBE3EE9 /* MOCASegment.h */,
				73BD347984FD429D8DCFB52D /* MOCASerializable.h */,
				91F953887BCE4F9CA4F4BB0A /* MOCAUser.h */,
				7BD801D0B61D4FE39C4365C9 /* MOCAZone.h */,
			);
			name = Plugins;
			path = "HelloWorld/Plugins";
			sourceTree = SOURCE_ROOT;
		};
		EB87FDF11871DA420020F90C /* Staging */ = {
			isa = PBXGroup;
			children = (
				F840E1F0165FE0F500CFE078 /* config.xml */,
				301BF56E109A69640062928A /* www */,
			);
			name = Staging;
			sourceTree = "<group>";
		};
/* End PBXGroup section */

/* Begin PBXNativeTarget section */
		1D6058900D05DD3D006BFB54 /* HelloWorld */ = {
			isa = PBXNativeTarget;
			buildConfigurationList = 1D6058960D05DD3E006BFB54 /* Build configuration list for PBXNativeTarget "HelloWorld" */;
			buildPhases = (
				304B58A110DAC018002A0835 /* Copy www directory */,
				1D60588D0D05DD3D006BFB54 /* Resources */,
				1D60588E0D05DD3D006BFB54 /* Sources */,
				1D60588F0D05DD3D006BFB54 /* Frameworks */,
			);
			buildRules = (
			);
			dependencies = (
				301BF551109A68C00062928A /* PBXTargetDependency */,
			);
			name = "HelloWorld";
			productName = "HelloWorld";
			productReference = 1D6058910D05DD3D006BFB54 /* HelloWorld.app */;
			productType = "com.apple.product-type.application";
		};
/* End PBXNativeTarget section */

/* Begin PBXProject section */
		29B97313FDCFA39411CA2CEA /* Project object */ = {
			isa = PBXProject;
			attributes = {
				LastUpgradeCheck = 510;
			};
			buildConfigurationList = C01FCF4E08A954540054247B /* Build configuration list for PBXProject "__NON-CLI__" */;
			compatibilityVersion = "Xcode 3.2";
			developmentRegion = English;
			hasScannedForEncodings = 1;
			mainGroup = 29B97314FDCFA39411CA2CEA /* CustomTemplate */;
			projectDirPath = "";
			projectReferences = (
				{
					ProductGroup = 301BF52E109A57CC0062928A /* Products */;
					ProjectRef = 301BF52D109A57CC0062928A /* CordovaLib.xcodeproj */;
				},
			);
			projectRoot = "";
			targets = (
				1D6058900D05DD3D006BFB54 /* HelloWorld */,
			);
		};
/* End PBXProject section */

/* Begin PBXReferenceProxy section */
		301BF535109A57CC0062928A /* libCordova.a */ = {
			isa = PBXReferenceProxy;
			fileType = archive.ar;
			path = libCordova.a;
			remoteRef = 301BF534109A57CC0062928A /* PBXContainerItemProxy */;
			sourceTree = BUILT_PRODUCTS_DIR;
		};
/* End PBXReferenceProxy section */

/* Begin PBXResourcesBuildPhase section */
		1D60588D0D05DD3D006BFB54 /* Resources */ = {
			isa = PBXResourcesBuildPhase;
			buildActionMask = 2147483647;
			files = (
				302D95F214D2391D003F00A1 /* MainViewController.xib in Resources */,
				0207DA581B56EA530066E2B4 /* Images.xcassets in Resources */,
				6AFF5BF91D6E424B00AB3073 /* CDVLaunchScreen.storyboard in Resources */,
			);
			runOnlyForDeploymentPostprocessing = 0;
		};
/* End PBXResourcesBuildPhase section */

/* Begin PBXShellScriptBuildPhase section */
		304B58A110DAC018002A0835 /* Copy www directory */ = {
			isa = PBXShellScriptBuildPhase;
			buildActionMask = 2147483647;
			files = (
			);
			inputPaths = (
			);
			name = "Copy www directory";
			outputPaths = (
			);
			runOnlyForDeploymentPostprocessing = 0;
			shellPath = /bin/sh;
			shellScript = "NODEJS_PATH=/usr/local/bin; NVM_NODE_PATH=~/.nvm/versions/node/`nvm version 2>/dev/null`/bin; N_NODE_PATH=`find /usr/local/n/versions/node/* -maxdepth 0 -type d 2>/dev/null | tail -1`/bin; XCODE_NODE_PATH=`xcode-select --print-path`/usr/share/xcs/Node/bin; PATH=$NODEJS_PATH:$NVM_NODE_PATH:$N_NODE_PATH:$XCODE_NODE_PATH:$PATH && node cordova/lib/copy-www-build-step.js";
			showEnvVarsInLog = 0;
		};
/* End PBXShellScriptBuildPhase section */

/* Begin PBXSourcesBuildPhase section */
		1D60588E0D05DD3D006BFB54 /* Sources */ = {
			isa = PBXSourcesBuildPhase;
			buildActionMask = 2147483647;
			files = (
				1D60589B0D05DD56006BFB54 /* main.m in Sources */,
				1D3623260D0F684500981E51 /* AppDelegate.m in Sources */,
				302D95F114D2391D003F00A1 /* MainViewController.m in Sources */,
				220F617FBF9B4B0EA8399228 /* MOCAPlugin.m in Sources */,
				EF5C470B2EAA4564A292C42F /* MOCAPluginActionsDelegate.m in Sources */,
				E5EC26A6174A4617821E6D6B /* MOCAPluginEventsDelegate.m in Sources */,
				43CDE0D3F68D4B9798FADAE8 /* MOCAPluginCallbackMessage.m in Sources */,
				379F71AA7DAC49F5BD011228 /* MOCAAutoIntegration.m in Sources */,
			);
			runOnlyForDeploymentPostprocessing = 0;
		};
/* End PBXSourcesBuildPhase section */

/* Begin PBXTargetDependency section */
		301BF551109A68C00062928A /* PBXTargetDependency */ = {
			isa = PBXTargetDependency;
			name = CordovaLib;
			targetProxy = 301BF550109A68C00062928A /* PBXContainerItemProxy */;
		};
/* End PBXTargetDependency section */

/* Begin XCBuildConfiguration section */
		1D6058940D05DD3E006BFB54 /* Debug */ = {
			isa = XCBuildConfiguration;
			baseConfigurationReference = 3047A50F1AB8059700498E2A /* build-debug.xcconfig */;
			buildSettings = {
				ALWAYS_SEARCH_USER_PATHS = NO;
				ASSETCATALOG_COMPILER_APPICON_NAME = AppIcon;
				ASSETCATALOG_COMPILER_LAUNCHIMAGE_NAME = LaunchImage;
				CLANG_ENABLE_MODULES = YES;
				CLANG_ENABLE_OBJC_ARC = YES;
				COPY_PHASE_STRIP = NO;
				GCC_DYNAMIC_NO_PIC = NO;
				GCC_OPTIMIZATION_LEVEL = 0;
				GCC_PRECOMPILE_PREFIX_HEADER = YES;
				GCC_PREFIX_HEADER = "HelloWorld/HelloWorld-Prefix.pch";
				GCC_THUMB_SUPPORT = NO;
				GCC_VERSION = "";
				INFOPLIST_FILE = "HelloWorld/HelloWorld-Info.plist";
				IPHONEOS_DEPLOYMENT_TARGET = 9.0;
				LD_RUNPATH_SEARCH_PATHS = "@executable_path/Frameworks";
				TARGETED_DEVICE_FAMILY = "1,2";
				PRODUCT_NAME = "HelloWorld";
				LIBRARY_SEARCH_PATHS = (
					"$(inherited)",
					"\"$(SRCROOT)/HelloWorld/Plugins/com.innoquant.moca.phonegap\"",
				);
			};
			name = Debug;
		};
		1D6058950D05DD3E006BFB54 /* Release */ = {
			isa = XCBuildConfiguration;
			baseConfigurationReference = 3047A5101AB8059700498E2A /* build-release.xcconfig */;
			buildSettings = {
				ALWAYS_SEARCH_USER_PATHS = NO;
				ASSETCATALOG_COMPILER_APPICON_NAME = AppIcon;
				ASSETCATALOG_COMPILER_LAUNCHIMAGE_NAME = LaunchImage;
				CLANG_ENABLE_MODULES = YES;
				CLANG_ENABLE_OBJC_ARC = YES;
				COPY_PHASE_STRIP = YES;
				GCC_PRECOMPILE_PREFIX_HEADER = YES;
				GCC_PREFIX_HEADER = "HelloWorld/HelloWorld-Prefix.pch";
				GCC_THUMB_SUPPORT = NO;
				GCC_VERSION = "";
				INFOPLIST_FILE = "HelloWorld/HelloWorld-Info.plist";
				IPHONEOS_DEPLOYMENT_TARGET = 9.0;
				LD_RUNPATH_SEARCH_PATHS = "@executable_path/Frameworks";
				TARGETED_DEVICE_FAMILY = "1,2";
				PRODUCT_NAME = "HelloWorld";
				LIBRARY_SEARCH_PATHS = (
					"$(inherited)",
					"\"$(SRCROOT)/HelloWorld/Plugins/com.innoquant.moca.phonegap\"",
				);
			};
			name = Release;
		};
		C01FCF4F08A954540054247B /* Debug */ = {
			isa = XCBuildConfiguration;
			baseConfigurationReference = 3047A5111AB8059700498E2A /* build.xcconfig */;
			buildSettings = {
				CLANG_ENABLE_MODULES = YES;
				CLANG_ENABLE_OBJC_ARC = YES;
				CLANG_WARN_BOOL_CONVERSION = YES;
				CLANG_WARN_CONSTANT_CONVERSION = YES;
				CLANG_WARN_EMPTY_BODY = YES;
				CLANG_WARN_ENUM_CONVERSION = YES;
				CLANG_WARN_INT_CONVERSION = YES;
				CLANG_WARN__DUPLICATE_METHOD_MATCH = YES;
				GCC_C_LANGUAGE_STANDARD = c99;
				GCC_THUMB_SUPPORT = NO;
				GCC_VERSION = "";
				GCC_WARN_ABOUT_RETURN_TYPE = YES;
				GCC_WARN_UNDECLARED_SELECTOR = YES;
				GCC_WARN_UNINITIALIZED_AUTOS = YES;
				GCC_WARN_UNUSED_FUNCTION = YES;
				GCC_WARN_UNUSED_VARIABLE = YES;
				ONLY_ACTIVE_ARCH = YES;
				SDKROOT = iphoneos;
				SKIP_INSTALL = NO;
			};
			name = Debug;
		};
		C01FCF5008A954540054247B /* Release */ = {
			isa = XCBuildConfiguration;
			baseConfigurationReference = 3047A5111AB8059700498E2A /* build.xcconfig */;
			buildSettings = {
				CLANG_ENABLE_MODULES = YES;
				CLANG_ENABLE_OBJC_ARC = YES;
				CLANG_WARN_BOOL_CONVERSION = YES;
				CLANG_WARN_CONSTANT_CONVERSION = YES;
				CLANG_WARN_EMPTY_BODY = YES;
				CLANG_WARN_ENUM_CONVERSION = YES;
				CLANG_WARN_INT_CONVERSION = YES;
				CLANG_WARN__DUPLICATE_METHOD_MATCH = YES;
				GCC_C_LANGUAGE_STANDARD = c99;
				GCC_THUMB_SUPPORT = NO;
				GCC_VERSION = "";
				GCC_WARN_ABOUT_RETURN_TYPE = YES;
				GCC_WARN_UNDECLARED_SELECTOR = YES;
				GCC_WARN_UNINITIALIZED_AUTOS = YES;
				GCC_WARN_UNUSED_FUNCTION = YES;
				GCC_WARN_UNUSED_VARIABLE = YES;
				SDKROOT = iphoneos;
				SKIP_INSTALL = NO;
			};
			name = Release;
		};
/* End XCBuildConfiguration section */

/* Begin XCConfigurationList section */
		1D6058960D05DD3E006BFB54 /* Build configuration list for PBXNativeTarget "HelloWorld" */ = {
			isa = XCConfigurationList;
			buildConfigurations = (
				1D6058940D05DD3E006BFB54 /* Debug */,
				1D6058950D05DD3E006BFB54 /* Release */,
			);
			defaultConfigurationIsVisible = 0;
			defaultConfigurationName = Release;
		};
		C01FCF4E08A954540054247B /* Build configuration list for PBXProject "__NON-CLI__" */ = {
			isa = XCConfigurationList;
			buildConfigurations = (
				C01FCF4F08A954540054247B /* Debug */,
				C01FCF5008A954540054247B /* Release */,
			);
			defaultConfigurationIsVisible = 0;
			defaultConfigurationName = Release;
		};
/* End XCConfigurationList section */
	};
	rootObject = 29B97313FDCFA39411CA2CEA /* Project object */;
}
